<?xml version="1.0" encoding="utf-8"?>
<Project ToolsVersion="4.0" xmlns="http://schemas.microsoft.com/developer/msbuild/2003">
  <ItemGroup>
    <Filter Include="Исходные файлы">
      <UniqueIdentifier>{4FC737F1-C7A5-4376-A066-2A32D752A2FF}</UniqueIdentifier>
      <Extensions>cpp;c;cc;cxx;c++;cppm;ixx;def;odl;idl;hpj;bat;asm;asmx</Extensions>
    </Filter>
    <Filter Include="Файлы заголовков">
      <UniqueIdentifier>{93995380-89BD-4b04-88EB-625FBE52EBFB}</UniqueIdentifier>
      <Extensions>h;hh;hpp;hxx;h++;hm;inl;inc;ipp;xsd</Extensions>
    </Filter>
    <Filter Include="Файлы ресурсов">
      <UniqueIdentifier>{67DA6AB6-F800-4c08-8B7A-83BB121AAD01}</UniqueIdentifier>
      <Extensions>rc;ico;cur;bmp;dlg;rc2;rct;bin;rgs;gif;jpg;jpeg;jpe;resx;tiff;tif;png;wav;mfcribbon-ms</Extensions>
    </Filter>
    <Filter Include="Исходные файлы\library">
      <UniqueIdentifier>{9de2e3f1-8188-4e2e-b132-1580dbe576fc}</UniqueIdentifier>
    </Filter>
    <Filter Include="Исходные файлы\se_library">
      <UniqueIdentifier>{e2109490-11f5-49e0-a3c6-8f57ed5de830}</UniqueIdentifier>
    </Filter>
  </ItemGroup>
  <ItemGroup>
    <ClCompile Include="main.cpp">
      <Filter>Исходные файлы</Filter>
    </ClCompile>
    <ClCompile Include="tetron.cpp">
      <Filter>Исходные файлы</Filter>
    </ClCompile>
    <ClCompile Include="mutator.cpp">
      <Filter>Исходные файлы</Filter>
    </ClCompile>
    <ClCompile Include="t_function.cpp">
      <Filter>Исходные файлы</Filter>
    </ClCompile>
    <ClCompile Include="g_terminal.cpp">
      <Filter>Исходные файлы</Filter>
    </ClCompile>
    <ClCompile Include="g_exchange_graph.cpp">
      <Filter>Исходные файлы</Filter>
    </ClCompile>
    <ClCompile Include="compressed_exchange_data.cpp">
      <Filter>Исходные файлы</Filter>
    </ClCompile>
    <ClCompile Include="exchange_research.cpp">
      <Filter>Исходные файлы</Filter>
    </ClCompile>
    <ClCompile Include="exchange_trade.cpp">
      <Filter>Исходные файлы</Filter>
    </ClCompile>
    <ClCompile Include="mediator.cpp">
      <Filter>Исходные файлы</Filter>
    </ClCompile>
    <ClCompile Include="se_library\reading_sad.cpp">
      <Filter>Исходные файлы\se_library</Filter>
    </ClCompile>
    <ClCompile Include="se_library\exchange_basic.cpp">
      <Filter>Исходные файлы\se_library</Filter>
    </ClCompile>
    <ClCompile Include="se_library\exchange_data.cpp">
      <Filter>Исходные файлы\se_library</Filter>
    </ClCompile>
    <ClCompile Include="se_library\ed_sampling.cpp">
      <Filter>Исходные файлы\se_library</Filter>
    </ClCompile>
    <ClCompile Include="library\mathematics.cpp">
      <Filter>Исходные файлы\library</Filter>
    </ClCompile>
    <ClCompile Include="library\statistics.cpp">
      <Filter>Исходные файлы\library</Filter>
    </ClCompile>
    <ClCompile Include="froglif.cpp">
      <Filter>Исходные файлы</Filter>
    </ClCompile>
    <ClCompile Include="..\library\basic.cpp">
      <Filter>Исходные файлы</Filter>
    </ClCompile>
    <ClCompile Include="..\library\geometry.cpp">
      <Filter>Исходные файлы</Filter>
    </ClCompile>
    <ClCompile Include="..\library\graphics.cpp">
      <Filter>Исходные файлы</Filter>
    </ClCompile>
    <ClCompile Include="..\library\json.cpp">
      <Filter>Исходные файлы</Filter>
    </ClCompile>
    <ClCompile Include="..\library\multi_string.cpp">
      <Filter>Исходные файлы</Filter>
    </ClCompile>
    <ClCompile Include="..\library\win_basic.cpp">
      <Filter>Исходные файлы</Filter>
    </ClCompile>
    <ClCompile Include="..\library\e_terminal.cpp">
      <Filter>Исходные файлы</Filter>
    </ClCompile>
    <ClCompile Include="..\library\ui.cpp">
      <Filter>Исходные файлы</Filter>
    </ClCompile>
  </ItemGroup>
  <ItemGroup>
    <ClInclude Include="tetron.h">
      <Filter>Файлы заголовков</Filter>
    </ClInclude>
    <ClInclude Include="mutator.h">
      <Filter>Файлы заголовков</Filter>
    </ClInclude>
    <ClInclude Include="t_function.h">
      <Filter>Файлы заголовков</Filter>
    </ClInclude>
    <ClInclude Include="g_terminal.h">
      <Filter>Файлы заголовков</Filter>
    </ClInclude>
    <ClInclude Include="g_exchange_graph.h">
      <Filter>Файлы заголовков</Filter>
    </ClInclude>
    <ClInclude Include="compressed_exchange_data.h">
      <Filter>Файлы заголовков</Filter>
    </ClInclude>
    <ClInclude Include="exchange_research.h">
      <Filter>Файлы заголовков</Filter>
    </ClInclude>
    <ClInclude Include="exchange_trade.h">
      <Filter>Файлы заголовков</Filter>
    </ClInclude>
    <ClInclude Include="mediator.h">
      <Filter>Файлы заголовков</Filter>
    </ClInclude>
    <ClInclude Include="resource.h">
      <Filter>Файлы заголовков</Filter>
    </ClInclude>
    <ClInclude Include="se_library\reading_sad.h">
      <Filter>Исходные файлы\se_library</Filter>
    </ClInclude>
    <ClInclude Include="se_library\exchange_basic.h">
      <Filter>Исходные файлы\se_library</Filter>
    </ClInclude>
    <ClInclude Include="se_library\exchange_data.h">
      <Filter>Исходные файлы\se_library</Filter>
    </ClInclude>
    <ClInclude Include="se_library\ed_sampling.h">
      <Filter>Исходные файлы\se_library</Filter>
    </ClInclude>
    <ClInclude Include="library\mathematics.h">
      <Filter>Исходные файлы\library</Filter>
    </ClInclude>
    <ClInclude Include="library\statistics.h">
      <Filter>Исходные файлы\library</Filter>
    </ClInclude>
    <ClInclude Include="froglif.h">
      <Filter>Файлы заголовков</Filter>
    </ClInclude>
    <ClInclude Include="..\library\basic.h">
      <Filter>Файлы заголовков</Filter>
    </ClInclude>
    <ClInclude Include="..\library\geometry.h">
      <Filter>Файлы заголовков</Filter>
    </ClInclude>
    <ClInclude Include="..\library\graphics.h">
      <Filter>Файлы заголовков</Filter>
    </ClInclude>
    <ClInclude Include="..\library\hash.h">
      <Filter>Файлы заголовков</Filter>
    </ClInclude>
    <ClInclude Include="..\library\json.h">
      <Filter>Файлы заголовков</Filter>
    </ClInclude>
    <ClInclude Include="..\library\multi_string.h">
      <Filter>Файлы заголовков</Filter>
    </ClInclude>
    <ClInclude Include="..\library\speed.h">
      <Filter>Файлы заголовков</Filter>
    </ClInclude>
    <ClInclude Include="..\library\win_basic.h">
      <Filter>Файлы заголовков</Filter>
    </ClInclude>
    <ClInclude Include="..\library\e_terminal.h">
      <Filter>Файлы заголовков</Filter>
    </ClInclude>
    <ClInclude Include="..\library\ui.h">
      <Filter>Файлы заголовков</Filter>
    </ClInclude>
  </ItemGroup>
  <ItemGroup>
    <Image Include="mutator.ico">
      <Filter>Файлы ресурсов</Filter>
    </Image>
  </ItemGroup>
  <ItemGroup>
    <ResourceCompile Include="mutator.rc">
      <Filter>Файлы ресурсов</Filter>
    </ResourceCompile>
  </ItemGroup>
</Project>