<?xml version="1.0" encoding="utf-8"?>
<Project ToolsVersion="4.0" xmlns="http://schemas.microsoft.com/developer/msbuild/2003">
  <ItemGroup>
    <Filter Include="Исходные файлы">
      <UniqueIdentifier>{4FC737F1-C7A5-4376-A066-2A32D752A2FF}</UniqueIdentifier>
      <Extensions>cpp;c;cc;cxx;c++;cppm;ixx;def;odl;idl;hpj;bat;asm;asmx</Extensions>
    </Filter>
    <Filter Include="Файлы заголовков">
      <UniqueIdentifier>{93995380-89BD-4b04-88EB-625FBE52EBFB}</UniqueIdentifier>
      <Extensions>h;hh;hpp;hxx;h++;hm;inl;inc;ipp;xsd</Extensions>
    </Filter>
    <Filter Include="Файлы ресурсов">
      <UniqueIdentifier>{67DA6AB6-F800-4c08-8B7A-83BB121AAD01}</UniqueIdentifier>
      <Extensions>rc;ico;cur;bmp;dlg;rc2;rct;bin;rgs;gif;jpg;jpeg;jpe;resx;tiff;tif;png;wav;mfcribbon-ms</Extensions>
    </Filter>
  </ItemGroup>
  <ItemGroup>
    <ClCompile Include="main.cpp">
      <Filter>Исходные файлы</Filter>
    </ClCompile>
    <ClCompile Include="tetron.cpp">
      <Filter>Исходные файлы</Filter>
    </ClCompile>
    <ClCompile Include="mutator.cpp">
      <Filter>Исходные файлы</Filter>
    </ClCompile>
    <ClCompile Include="graphics.cpp">
      <Filter>Исходные файлы</Filter>
    </ClCompile>
    <ClCompile Include="geometry.cpp">
      <Filter>Исходные файлы</Filter>
    </ClCompile>
    <ClCompile Include="json.cpp">
      <Filter>Исходные файлы</Filter>
    </ClCompile>
    <ClCompile Include="mathematics.cpp">
      <Filter>Исходные файлы</Filter>
    </ClCompile>
    <ClCompile Include="multi_string.cpp">
      <Filter>Исходные файлы</Filter>
    </ClCompile>
    <ClCompile Include="t_function.cpp">
      <Filter>Исходные файлы</Filter>
    </ClCompile>
    <ClCompile Include="g_terminal.cpp">
      <Filter>Исходные файлы</Filter>
    </ClCompile>
    <ClCompile Include="g_exchange_graph.cpp">
      <Filter>Исходные файлы</Filter>
    </ClCompile>
    <ClCompile Include="exchange_data.cpp">
      <Filter>Исходные файлы</Filter>
    </ClCompile>
    <ClCompile Include="compressed_exchange_data.cpp">
      <Filter>Исходные файлы</Filter>
    </ClCompile>
    <ClCompile Include="exchange_basic.cpp">
      <Filter>Исходные файлы</Filter>
    </ClCompile>
    <ClCompile Include="exchange_research.cpp">
      <Filter>Исходные файлы</Filter>
    </ClCompile>
    <ClCompile Include="exchange_trade.cpp">
      <Filter>Исходные файлы</Filter>
    </ClCompile>
    <ClCompile Include="mediator.cpp">
      <Filter>Исходные файлы</Filter>
    </ClCompile>
    <ClCompile Include="..\mutator\library\basic.cpp">
      <Filter>Исходные файлы</Filter>
    </ClCompile>
  </ItemGroup>
  <ItemGroup>
    <ClInclude Include="tetron.h">
      <Filter>Файлы заголовков</Filter>
    </ClInclude>
    <ClInclude Include="mutator.h">
      <Filter>Файлы заголовков</Filter>
    </ClInclude>
    <ClInclude Include="graphics.h">
      <Filter>Файлы заголовков</Filter>
    </ClInclude>
    <ClInclude Include="geometry.h">
      <Filter>Файлы заголовков</Filter>
    </ClInclude>
    <ClInclude Include="json.h">
      <Filter>Файлы заголовков</Filter>
    </ClInclude>
    <ClInclude Include="speed.h">
      <Filter>Файлы заголовков</Filter>
    </ClInclude>
    <ClInclude Include="mathematics.h">
      <Filter>Файлы заголовков</Filter>
    </ClInclude>
    <ClInclude Include="hash.h">
      <Filter>Файлы заголовков</Filter>
    </ClInclude>
    <ClInclude Include="multi_string.h">
      <Filter>Файлы заголовков</Filter>
    </ClInclude>
    <ClInclude Include="t_function.h">
      <Filter>Файлы заголовков</Filter>
    </ClInclude>
    <ClInclude Include="g_terminal.h">
      <Filter>Файлы заголовков</Filter>
    </ClInclude>
    <ClInclude Include="g_exchange_graph.h">
      <Filter>Файлы заголовков</Filter>
    </ClInclude>
    <ClInclude Include="exchange_data.h">
      <Filter>Файлы заголовков</Filter>
    </ClInclude>
    <ClInclude Include="compressed_exchange_data.h">
      <Filter>Файлы заголовков</Filter>
    </ClInclude>
    <ClInclude Include="exchange_basic.h">
      <Filter>Файлы заголовков</Filter>
    </ClInclude>
    <ClInclude Include="exchange_research.h">
      <Filter>Файлы заголовков</Filter>
    </ClInclude>
    <ClInclude Include="exchange_trade.h">
      <Filter>Файлы заголовков</Filter>
    </ClInclude>
    <ClInclude Include="mediator.h">
      <Filter>Файлы заголовков</Filter>
    </ClInclude>
    <ClInclude Include="resource.h">
      <Filter>Файлы заголовков</Filter>
    </ClInclude>
    <ClInclude Include="..\mutator\library\basic.h">
      <Filter>Файлы заголовков</Filter>
    </ClInclude>
  </ItemGroup>
  <ItemGroup>
    <Image Include="mutator.ico">
      <Filter>Файлы ресурсов</Filter>
    </Image>
  </ItemGroup>
  <ItemGroup>
    <ResourceCompile Include="mutator.rc">
      <Filter>Файлы ресурсов</Filter>
    </ResourceCompile>
  </ItemGroup>
</Project>